
Microsoft Visual Studio Solution File, Format Version 12.00
# Visual Studio Version 17
VisualStudioVersion = 17.12.35707.178 d17.12
MinimumVisualStudioVersion = 10.0.40219.1
Project("{FAE04EC0-301F-11D3-BF4B-00C04F79EFBC}") = "AutoRegisterEndpoints", "src\AutoRegisterEndpoints.csproj", "{2DEBDD3A-8CFC-4777-B998-DCCC7A34A499}"
EndProject
Project("{FAE04EC0-301F-11D3-BF4B-00C04F79EFBC}") = "AutoRegisterEndpoints.Tests", "tests\AutoRegisterEndpoints.Tests\AutoRegisterEndpoints.Tests.csproj", "{64447F98-B335-4D27-85B9-91A0E1359379}"
EndProject
Global
	GlobalSection(SolutionConfigurationPlatforms) = preSolution
		Debug|Any CPU = Debug|Any CPU
		Release|Any CPU = Release|Any CPU
	EndGlobalSection
	GlobalSection(ProjectConfigurationPlatforms) = postSolution
		{2DEBDD3A-8CFC-4777-B998-DCCC7A34A499}.Debug|Any CPU.ActiveCfg = Debug|Any CPU
		{2DEBDD3A-8CFC-4777-B998-DCCC7A34A499}.Debug|Any CPU.Build.0 = Debug|Any CPU
		{2DEBDD3A-8CFC-4777-B998-DCCC7A34A499}.Release|Any CPU.ActiveCfg = Release|Any CPU
		{2DEBDD3A-8CFC-4777-B998-DCCC7A34A499}.Release|Any CPU.Build.0 = Release|Any CPU
		{64447F98-B335-4D27-85B9-91A0E1359379}.Debug|Any CPU.ActiveCfg = Debug|Any CPU
		{64447F98-B335-4D27-85B9-91A0E1359379}.Debug|Any CPU.Build.0 = Debug|Any CPU
		{64447F98-B335-4D27-85B9-91A0E1359379}.Release|Any CPU.ActiveCfg = Release|Any CPU
		{64447F98-B335-4D27-85B9-91A0E1359379}.Release|Any CPU.Build.0 = Release|Any CPU
	EndGlobalSection
	GlobalSection(SolutionProperties) = preSolution
		HideSolutionNode = FALSE
	EndGlobalSection
EndGlobal
